
Microsoft Visual Studio Solution File, Format Version 12.00
# Visual Studio 15
VisualStudioVersion = 15.0.28307.852
MinimumVisualStudioVersion = 10.0.40219.1
Project("{8BC9CEB8-8B4A-11D0-8D11-00A0C91BC942}") = "addressbook", "addressbook\addressbook.vcxproj", "{610894EC-840D-49E4-925A-6486F5A84DFD}"
EndProject
Global
	GlobalSection(SolutionConfigurationPlatforms) = preSolution
		Debug|x64 = Debug|x64
		Debug|x86 = Debug|x86
		Release|x64 = Release|x64
		Release|x86 = Release|x86
	EndGlobalSection
	GlobalSection(ProjectConfigurationPlatforms) = postSolution
		{610894EC-840D-49E4-925A-6486F5A84DFD}.Debug|x64.ActiveCfg = Debug|x64
		{610894EC-840D-49E4-925A-6486F5A84DFD}.Debug|x64.Build.0 = Debug|x64
		{610894EC-840D-49E4-925A-6486F5A84DFD}.Debug|x86.ActiveCfg = Debug|Win32
		{610894EC-840D-49E4-925A-6486F5A84DFD}.Debug|x86.Build.0 = Debug|Win32
		{610894EC-840D-49E4-925A-6486F5A84DFD}.Release|x64.ActiveCfg = Release|x64
		{610894EC-840D-49E4-925A-6486F5A84DFD}.Release|x64.Build.0 = Release|x64
		{610894EC-840D-49E4-925A-6486F5A84DFD}.Release|x86.ActiveCfg = Release|Win32
		{610894EC-840D-49E4-925A-6486F5A84DFD}.Release|x86.Build.0 = Release|Win32
	EndGlobalSection
	GlobalSection(SolutionProperties) = preSolution
		HideSolutionNode = FALSE
	EndGlobalSection
	GlobalSection(ExtensibilityGlobals) = postSolution
		SolutionGuid = {3248C5D2-9C9D-476D-9475-77BAD1EB338C}
	EndGlobalSection
EndGlobal
